// !$*UTF8*$!
{
	archiveVersion = 1;
	classes = {
	};
	objectVersion = 56;
	objects = {

/* Begin PBXBuildFile section */
		9585E86929C33EC00081BE3D /* __tutorialApp.swift in Sources */ = {isa = PBXBuildFile; fileRef = 9585E86829C33EC00081BE3D /* __tutorialApp.swift */; };
		9585E86B29C33EC00081BE3D /* ContentView.swift in Sources */ = {isa = PBXBuildFile; fileRef = 9585E86A29C33EC00081BE3D /* ContentView.swift */; };
		9585E86D29C33EC10081BE3D /* Assets.xcassets in Resources */ = {isa = PBXBuildFile; fileRef = 9585E86C29C33EC10081BE3D /* Assets.xcassets */; };
		9585E87029C33EC10081BE3D /* Preview Assets.xcassets in Resources */ = {isa = PBXBuildFile; fileRef = 9585E86F29C33EC10081BE3D /* Preview Assets.xcassets */; };
		9585E87A29C33EC10081BE3D /* __tutorialTests.swift in Sources */ = {isa = PBXBuildFile; fileRef = 9585E87929C33EC10081BE3D /* __tutorialTests.swift */; };
		9585E88429C33EC10081BE3D /* __tutorialUITests.swift in Sources */ = {isa = PBXBuildFile; fileRef = 9585E88329C33EC10081BE3D /* __tutorialUITests.swift */; };
		9585E88629C33EC10081BE3D /* __tutorialUITestsLaunchTests.swift in Sources */ = {isa = PBXBuildFile; fileRef = 9585E88529C33EC10081BE3D /* __tutorialUITestsLaunchTests.swift */; };
/* End PBXBuildFile section */

/* Begin PBXContainerItemProxy section */
		9585E87629C33EC10081BE3D /* PBXContainerItemProxy */ = {
			isa = PBXContainerItemProxy;
			containerPortal = 9585E85D29C33EC00081BE3D /* Project object */;
			proxyType = 1;
			remoteGlobalIDString = 9585E86429C33EC00081BE3D;
			remoteInfo = "2-tutorial";
		};
		9585E88029C33EC10081BE3D /* PBXContainerItemProxy */ = {
			isa = PBXContainerItemProxy;
			containerPortal = 9585E85D29C33EC00081BE3D /* Project object */;
			proxyType = 1;
			remoteGlobalIDString = 9585E86429C33EC00081BE3D;
			remoteInfo = "2-tutorial";
		};
/* End PBXContainerItemProxy section */

/* Begin PBXFileReference section */
		9585E86529C33EC00081BE3D /* 2-tutorial.app */ = {isa = PBXFileReference; explicitFileType = wrapper.application; includeInIndex = 0; path = "2-tutorial.app"; sourceTree = BUILT_PRODUCTS_DIR; };
		9585E86829C33EC00081BE3D /* __tutorialApp.swift */ = {isa = PBXFileReference; lastKnownFileType = sourcecode.swift; path = __tutorialApp.swift; sourceTree = "<group>"; };
		9585E86A29C33EC00081BE3D /* ContentView.swift */ = {isa = PBXFileReference; lastKnownFileType = sourcecode.swift; path = ContentView.swift; sourceTree = "<group>"; };
		9585E86C29C33EC10081BE3D /* Assets.xcassets */ = {isa = PBXFileReference; lastKnownFileType = folder.assetcatalog; path = Assets.xcassets; sourceTree = "<group>"; };
		9585E86F29C33EC10081BE3D /* Preview Assets.xcassets */ = {isa = PBXFileReference; lastKnownFileType = folder.assetcatalog; path = "Preview Assets.xcassets"; sourceTree = "<group>"; };
		9585E87529C33EC10081BE3D /* 2-tutorialTests.xctest */ = {isa = PBXFileReference; explicitFileType = wrapper.cfbundle; includeInIndex = 0; path = "2-tutorialTests.xctest"; sourceTree = BUILT_PRODUCTS_DIR; };
		9585E87929C33EC10081BE3D /* __tutorialTests.swift */ = {isa = PBXFileReference; lastKnownFileType = sourcecode.swift; path = __tutorialTests.swift; sourceTree = "<group>"; };
		9585E87F29C33EC10081BE3D /* 2-tutorialUITests.xctest */ = {isa = PBXFileReference; explicitFileType = wrapper.cfbundle; includeInIndex = 0; path = "2-tutorialUITests.xctest"; sourceTree = BUILT_PRODUCTS_DIR; };
		9585E88329C33EC10081BE3D /* __tutorialUITests.swift */ = {isa = PBXFileReference; lastKnownFileType = sourcecode.swift; path = __tutorialUITests.swift; sourceTree = "<group>"; };
		9585E88529C33EC10081BE3D /* __tutorialUITestsLaunchTests.swift */ = {isa = PBXFileReference; lastKnownFileType = sourcecode.swift; path = __tutorialUITestsLaunchTests.swift; sourceTree = "<group>"; };
/* End PBXFileReference section */

/* Begin PBXFrameworksBuildPhase section */
		9585E86229C33EC00081BE3D /* Frameworks */ = {
			isa = PBXFrameworksBuildPhase;
			buildActionMask = 2147483647;
			files = (
			);
			runOnlyForDeploymentPostprocessing = 0;
		};
		9585E87229C33EC10081BE3D /* Frameworks */ = {
			isa = PBXFrameworksBuildPhase;
			buildActionMask = 2147483647;
			files = (
			);
			runOnlyForDeploymentPostprocessing = 0;
		};
		9585E87C29C33EC10081BE3D /* Frameworks */ = {
			isa = PBXFrameworksBuildPhase;
			buildActionMask = 2147483647;
			files = (
			);
			runOnlyForDeploymentPostprocessing = 0;
		};
/* End PBXFrameworksBuildPhase section */

/* Begin PBXGroup section */
		9585E85C29C33EC00081BE3D = {
			isa = PBXGroup;
			children = (
				9585E86729C33EC00081BE3D /* 2-tutorial */,
				9585E87829C33EC10081BE3D /* 2-tutorialTests */,
				9585E88229C33EC10081BE3D /* 2-tutorialUITests */,
				9585E86629C33EC00081BE3D /* Products */,
			);
			sourceTree = "<group>";
		};
		9585E86629C33EC00081BE3D /* Products */ = {
			isa = PBXGroup;
			children = (
				9585E86529C33EC00081BE3D /* 2-tutorial.app */,
				9585E87529C33EC10081BE3D /* 2-tutorialTests.xctest */,
				9585E87F29C33EC10081BE3D /* 2-tutorialUITests.xctest */,
			);
			name = Products;
			sourceTree = "<group>";
		};
		9585E86729C33EC00081BE3D /* 2-tutorial */ = {
			isa = PBXGroup;
			children = (
				9585E86829C33EC00081BE3D /* __tutorialApp.swift */,
				9585E86A29C33EC00081BE3D /* ContentView.swift */,
				9585E86C29C33EC10081BE3D /* Assets.xcassets */,
				9585E86E29C33EC10081BE3D /* Preview Content */,
			);
			path = "2-tutorial";
			sourceTree = "<group>";
		};
		9585E86E29C33EC10081BE3D /* Preview Content */ = {
			isa = PBXGroup;
			children = (
				9585E86F29C33EC10081BE3D /* Preview Assets.xcassets */,
			);
			path = "Preview Content";
			sourceTree = "<group>";
		};
		9585E87829C33EC10081BE3D /* 2-tutorialTests */ = {
			isa = PBXGroup;
			children = (
				9585E87929C33EC10081BE3D /* __tutorialTests.swift */,
			);
			path = "2-tutorialTests";
			sourceTree = "<group>";
		};
		9585E88229C33EC10081BE3D /* 2-tutorialUITests */ = {
			isa = PBXGroup;
			children = (
				9585E88329C33EC10081BE3D /* __tutorialUITests.swift */,
				9585E88529C33EC10081BE3D /* __tutorialUITestsLaunchTests.swift */,
			);
			path = "2-tutorialUITests";
			sourceTree = "<group>";
		};
/* End PBXGroup section */

/* Begin PBXNativeTarget section */
		9585E86429C33EC00081BE3D /* 2-tutorial */ = {
			isa = PBXNativeTarget;
			buildConfigurationList = 9585E88929C33EC10081BE3D /* Build configuration list for PBXNativeTarget "2-tutorial" */;
			buildPhases = (
				9585E86129C33EC00081BE3D /* Sources */,
				9585E86229C33EC00081BE3D /* Frameworks */,
				9585E86329C33EC00081BE3D /* Resources */,
			);
			buildRules = (
			);
			dependencies = (
			);
			name = "2-tutorial";
			productName = "2-tutorial";
			productReference = 9585E86529C33EC00081BE3D /* 2-tutorial.app */;
			productType = "com.apple.product-type.application";
		};
		9585E87429C33EC10081BE3D /* 2-tutorialTests */ = {
			isa = PBXNativeTarget;
			buildConfigurationList = 9585E88C29C33EC10081BE3D /* Build configuration list for PBXNativeTarget "2-tutorialTests" */;
			buildPhases = (
				9585E87129C33EC10081BE3D /* Sources */,
				9585E87229C33EC10081BE3D /* Frameworks */,
				9585E87329C33EC10081BE3D /* Resources */,
			);
			buildRules = (
			);
			dependencies = (
				9585E87729C33EC10081BE3D /* PBXTargetDependency */,
			);
			name = "2-tutorialTests";
			productName = "2-tutorialTests";
			productReference = 9585E87529C33EC10081BE3D /* 2-tutorialTests.xctest */;
			productType = "com.apple.product-type.bundle.unit-test";
		};
		9585E87E29C33EC10081BE3D /* 2-tutorialUITests */ = {
			isa = PBXNativeTarget;
			buildConfigurationList = 9585E88F29C33EC10081BE3D /* Build configuration list for PBXNativeTarget "2-tutorialUITests" */;
			buildPhases = (
				9585E87B29C33EC10081BE3D /* Sources */,
				9585E87C29C33EC10081BE3D /* Frameworks */,
				9585E87D29C33EC10081BE3D /* Resources */,
			);
			buildRules = (
			);
			dependencies = (
				9585E88129C33EC10081BE3D /* PBXTargetDependency */,
			);
			name = "2-tutorialUITests";
			productName = "2-tutorialUITests";
			productReference = 9585E87F29C33EC10081BE3D /* 2-tutorialUITests.xctest */;
			productType = "com.apple.product-type.bundle.ui-testing";
		};
/* End PBXNativeTarget section */

/* Begin PBXProject section */
		9585E85D29C33EC00081BE3D /* Project object */ = {
			isa = PBXProject;
			attributes = {
				BuildIndependentTargetsInParallel = 1;
				LastSwiftUpdateCheck = 1420;
				LastUpgradeCheck = 1420;
				TargetAttributes = {
					9585E86429C33EC00081BE3D = {
						CreatedOnToolsVersion = 14.2;
					};
					9585E87429C33EC10081BE3D = {
						CreatedOnToolsVersion = 14.2;
						TestTargetID = 9585E86429C33EC00081BE3D;
					};
					9585E87E29C33EC10081BE3D = {
						CreatedOnToolsVersion = 14.2;
						TestTargetID = 9585E86429C33EC00081BE3D;
					};
				};
			};
			buildConfigurationList = 9585E86029C33EC00081BE3D /* Build configuration list for PBXProject "2-tutorial" */;
			compatibilityVersion = "Xcode 14.0";
			developmentRegion = en;
			hasScannedForEncodings = 0;
			knownRegions = (
				en,
				Base,
			);
			mainGroup = 9585E85C29C33EC00081BE3D;
			productRefGroup = 9585E86629C33EC00081BE3D /* Products */;
			projectDirPath = "";
			projectRoot = "";
			targets = (
				9585E86429C33EC00081BE3D /* 2-tutorial */,
				9585E87429C33EC10081BE3D /* 2-tutorialTests */,
				9585E87E29C33EC10081BE3D /* 2-tutorialUITests */,
			);
		};
/* End PBXProject section */

/* Begin PBXResourcesBuildPhase section */
		9585E86329C33EC00081BE3D /* Resources */ = {
			isa = PBXResourcesBuildPhase;
			buildActionMask = 2147483647;
			files = (
				9585E87029C33EC10081BE3D /* Preview Assets.xcassets in Resources */,
				9585E86D29C33EC10081BE3D /* Assets.xcassets in Resources */,
			);
			runOnlyForDeploymentPostprocessing = 0;
		};
		9585E87329C33EC10081BE3D /* Resources */ = {
			isa = PBXResourcesBuildPhase;
			buildActionMask = 2147483647;
			files = (
			);
			runOnlyForDeploymentPostprocessing = 0;
		};
		9585E87D29C33EC10081BE3D /* Resources */ = {
			isa = PBXResourcesBuildPhase;
			buildActionMask = 2147483647;
			files = (
			);
			runOnlyForDeploymentPostprocessing = 0;
		};
/* End PBXResourcesBuildPhase section */

/* Begin PBXSourcesBuildPhase section */
		9585E86129C33EC00081BE3D /* Sources */ = {
			isa = PBXSourcesBuildPhase;
			buildActionMask = 2147483647;
			files = (
				9585E86B29C33EC00081BE3D /* ContentView.swift in Sources */,
				9585E86929C33EC00081BE3D /* __tutorialApp.swift in Sources */,
			);
			runOnlyForDeploymentPostprocessing = 0;
		};
		9585E87129C33EC10081BE3D /* Sources */ = {
			isa = PBXSourcesBuildPhase;
			buildActionMask = 2147483647;
			files = (
				9585E87A29C33EC10081BE3D /* __tutorialTests.swift in Sources */,
			);
			runOnlyForDeploymentPostprocessing = 0;
		};
		9585E87B29C33EC10081BE3D /* Sources */ = {
			isa = PBXSourcesBuildPhase;
			buildActionMask = 2147483647;
			files = (
				9585E88629C33EC10081BE3D /* __tutorialUITestsLaunchTests.swift in Sources */,
				9585E88429C33EC10081BE3D /* __tutorialUITests.swift in Sources */,
			);
			runOnlyForDeploymentPostprocessing = 0;
		};
/* End PBXSourcesBuildPhase section */

/* Begin PBXTargetDependency section */
		9585E87729C33EC10081BE3D /* PBXTargetDependency */ = {
			isa = PBXTargetDependency;
			target = 9585E86429C33EC00081BE3D /* 2-tutorial */;
			targetProxy = 9585E87629C33EC10081BE3D /* PBXContainerItemProxy */;
		};
		9585E88129C33EC10081BE3D /* PBXTargetDependency */ = {
			isa = PBXTargetDependency;
			target = 9585E86429C33EC00081BE3D /* 2-tutorial */;
			targetProxy = 9585E88029C33EC10081BE3D /* PBXContainerItemProxy */;
		};
/* End PBXTargetDependency section */

/* Begin XCBuildConfiguration section */
		9585E88729C33EC10081BE3D /* Debug */ = {
			isa = XCBuildConfiguration;
			buildSettings = {
				ALWAYS_SEARCH_USER_PATHS = NO;
				CLANG_ANALYZER_NONNULL = YES;
				CLANG_ANALYZER_NUMBER_OBJECT_CONVERSION = YES_AGGRESSIVE;
				CLANG_CXX_LANGUAGE_STANDARD = "gnu++20";
				CLANG_ENABLE_MODULES = YES;
				CLANG_ENABLE_OBJC_ARC = YES;
				CLANG_ENABLE_OBJC_WEAK = YES;
				CLANG_WARN_BLOCK_CAPTURE_AUTORELEASING = YES;
				CLANG_WARN_BOOL_CONVERSION = YES;
				CLANG_WARN_COMMA = YES;
				CLANG_WARN_CONSTANT_CONVERSION = YES;
				CLANG_WARN_DEPRECATED_OBJC_IMPLEMENTATIONS = YES;
				CLANG_WARN_DIRECT_OBJC_ISA_USAGE = YES_ERROR;
				CLANG_WARN_DOCUMENTATION_COMMENTS = YES;
				CLANG_WARN_EMPTY_BODY = YES;
				CLANG_WARN_ENUM_CONVERSION = YES;
				CLANG_WARN_INFINITE_RECURSION = YES;
				CLANG_WARN_INT_CONVERSION = YES;
				CLANG_WARN_NON_LITERAL_NULL_CONVERSION = YES;
				CLANG_WARN_OBJC_IMPLICIT_RETAIN_SELF = YES;
				CLANG_WARN_OBJC_LITERAL_CONVERSION = YES;
				CLANG_WARN_OBJC_ROOT_CLASS = YES_ERROR;
				CLANG_WARN_QUOTED_INCLUDE_IN_FRAMEWORK_HEADER = YES;
				CLANG_WARN_RANGE_LOOP_ANALYSIS = YES;
				CLANG_WARN_STRICT_PROTOTYPES = YES;
				CLANG_WARN_SUSPICIOUS_MOVE = YES;
				CLANG_WARN_UNGUARDED_AVAILABILITY = YES_AGGRESSIVE;
				CLANG_WARN_UNREACHABLE_CODE = YES;
				CLANG_WARN__DUPLICATE_METHOD_MATCH = YES;
				COPY_PHASE_STRIP = NO;
				DEBUG_INFORMATION_FORMAT = dwarf;
				ENABLE_STRICT_OBJC_MSGSEND = YES;
				ENABLE_TESTABILITY = YES;
				GCC_C_LANGUAGE_STANDARD = gnu11;
				GCC_DYNAMIC_NO_PIC = NO;
				GCC_NO_COMMON_BLOCKS = YES;
				GCC_OPTIMIZATION_LEVEL = 0;
				GCC_PREPROCESSOR_DEFINITIONS = (
					"DEBUG=1",
					"$(inherited)",
				);
				GCC_WARN_64_TO_32_BIT_CONVERSION = YES;
				GCC_WARN_ABOUT_RETURN_TYPE = YES_ERROR;
				GCC_WARN_UNDECLARED_SELECTOR = YES;
				GCC_WARN_UNINITIALIZED_AUTOS = YES_AGGRESSIVE;
				GCC_WARN_UNUSED_FUNCTION = YES;
				GCC_WARN_UNUSED_VARIABLE = YES;
				IPHONEOS_DEPLOYMENT_TARGET = 16.2;
				MTL_ENABLE_DEBUG_INFO = INCLUDE_SOURCE;
				MTL_FAST_MATH = YES;
				ONLY_ACTIVE_ARCH = YES;
				SDKROOT = iphoneos;
				SWIFT_ACTIVE_COMPILATION_CONDITIONS = DEBUG;
				SWIFT_OPTIMIZATION_LEVEL = "-Onone";
			};
			name = Debug;
		};
		9585E88829C33EC10081BE3D /* Release */ = {
			isa = XCBuildConfiguration;
			buildSettings = {
				ALWAYS_SEARCH_USER_PATHS = NO;
				CLANG_ANALYZER_NONNULL = YES;
				CLANG_ANALYZER_NUMBER_OBJECT_CONVERSION = YES_AGGRESSIVE;
				CLANG_CXX_LANGUAGE_STANDARD = "gnu++20";
				CLANG_ENABLE_MODULES = YES;
				CLANG_ENABLE_OBJC_ARC = YES;
				CLANG_ENABLE_OBJC_WEAK = YES;
				CLANG_WARN_BLOCK_CAPTURE_AUTORELEASING = YES;
				CLANG_WARN_BOOL_CONVERSION = YES;
				CLANG_WARN_COMMA = YES;
				CLANG_WARN_CONSTANT_CONVERSION = YES;
				CLANG_WARN_DEPRECATED_OBJC_IMPLEMENTATIONS = YES;
				CLANG_WARN_DIRECT_OBJC_ISA_USAGE = YES_ERROR;
				CLANG_WARN_DOCUMENTATION_COMMENTS = YES;
				CLANG_WARN_EMPTY_BODY = YES;
				CLANG_WARN_ENUM_CONVERSION = YES;
				CLANG_WARN_INFINITE_RECURSION = YES;
				CLANG_WARN_INT_CONVERSION = YES;
				CLANG_WARN_NON_LITERAL_NULL_CONVERSION = YES;
				CLANG_WARN_OBJC_IMPLICIT_RETAIN_SELF = YES;
				CLANG_WARN_OBJC_LITERAL_CONVERSION = YES;
				CLANG_WARN_OBJC_ROOT_CLASS = YES_ERROR;
				CLANG_WARN_QUOTED_INCLUDE_IN_FRAMEWORK_HEADER = YES;
				CLANG_WARN_RANGE_LOOP_ANALYSIS = YES;
				CLANG_WARN_STRICT_PROTOTYPES = YES;
				CLANG_WARN_SUSPICIOUS_MOVE = YES;
				CLANG_WARN_UNGUARDED_AVAILABILITY = YES_AGGRESSIVE;
				CLANG_WARN_UNREACHABLE_CODE = YES;
				CLANG_WARN__DUPLICATE_METHOD_MATCH = YES;
				COPY_PHASE_STRIP = NO;
				DEBUG_INFORMATION_FORMAT = "dwarf-with-dsym";
				ENABLE_NS_ASSERTIONS = NO;
				ENABLE_STRICT_OBJC_MSGSEND = YES;
				GCC_C_LANGUAGE_STANDARD = gnu11;
				GCC_NO_COMMON_BLOCKS = YES;
				GCC_WARN_64_TO_32_BIT_CONVERSION = YES;
				GCC_WARN_ABOUT_RETURN_TYPE = YES_ERROR;
				GCC_WARN_UNDECLARED_SELECTOR = YES;
				GCC_WARN_UNINITIALIZED_AUTOS = YES_AGGRESSIVE;
				GCC_WARN_UNUSED_FUNCTION = YES;
				GCC_WARN_UNUSED_VARIABLE = YES;
				IPHONEOS_DEPLOYMENT_TARGET = 16.2;
				MTL_ENABLE_DEBUG_INFO = NO;
				MTL_FAST_MATH = YES;
				SDKROOT = iphoneos;
				SWIFT_COMPILATION_MODE = wholemodule;
				SWIFT_OPTIMIZATION_LEVEL = "-O";
				VALIDATE_PRODUCT = YES;
			};
			name = Release;
		};
		9585E88A29C33EC10081BE3D /* Debug */ = {
			isa = XCBuildConfiguration;
			buildSettings = {
				ASSETCATALOG_COMPILER_APPICON_NAME = AppIcon;
				ASSETCATALOG_COMPILER_GLOBAL_ACCENT_COLOR_NAME = AccentColor;
				CODE_SIGN_STYLE = Automatic;
				CURRENT_PROJECT_VERSION = 1;
				DEVELOPMENT_ASSET_PATHS = "\"2-tutorial/Preview Content\"";
				ENABLE_PREVIEWS = YES;
				GENERATE_INFOPLIST_FILE = YES;
				INFOPLIST_KEY_UIApplicationSceneManifest_Generation = YES;
				INFOPLIST_KEY_UIApplicationSupportsIndirectInputEvents = YES;
				INFOPLIST_KEY_UILaunchScreen_Generation = YES;
				INFOPLIST_KEY_UISupportedInterfaceOrientations_iPad = "UIInterfaceOrientationPortrait UIInterfaceOrientationPortraitUpsideDown UIInterfaceOrientationLandscapeLeft UIInterfaceOrientationLandscapeRight";
				INFOPLIST_KEY_UISupportedInterfaceOrientations_iPhone = "UIInterfaceOrientationPortrait UIInterfaceOrientationLandscapeLeft UIInterfaceOrientationLandscapeRight";
				LD_RUNPATH_SEARCH_PATHS = (
					"$(inherited)",
					"@executable_path/Frameworks",
				);
				MARKETING_VERSION = 1.0;
				PRODUCT_BUNDLE_IDENTIFIER = "austin.com.--tutorial";
				PRODUCT_NAME = "$(TARGET_NAME)";
				SWIFT_EMIT_LOC_STRINGS = YES;
				SWIFT_VERSION = 5.0;
				TARGETED_DEVICE_FAMILY = "1,2";
			};
			name = Debug;
		};
		9585E88B29C33EC10081BE3D /* Release */ = {
			isa = XCBuildConfiguration;
			buildSettings = {
				ASSETCATALOG_COMPILER_APPICON_NAME = AppIcon;
				ASSETCATALOG_COMPILER_GLOBAL_ACCENT_COLOR_NAME = AccentColor;
				CODE_SIGN_STYLE = Automatic;
				CURRENT_PROJECT_VERSION = 1;
				DEVELOPMENT_ASSET_PATHS = "\"2-tutorial/Preview Content\"";
				ENABLE_PREVIEWS = YES;
				GENERATE_INFOPLIST_FILE = YES;
				INFOPLIST_KEY_UIApplicationSceneManifest_Generation = YES;
				INFOPLIST_KEY_UIApplicationSupportsIndirectInputEvents = YES;
				INFOPLIST_KEY_UILaunchScreen_Generation = YES;
				INFOPLIST_KEY_UISupportedInterfaceOrientations_iPad = "UIInterfaceOrientationPortrait UIInterfaceOrientationPortraitUpsideDown UIInterfaceOrientationLandscapeLeft UIInterfaceOrientationLandscapeRight";
				INFOPLIST_KEY_UISupportedInterfaceOrientations_iPhone = "UIInterfaceOrientationPortrait UIInterfaceOrientationLandscapeLeft UIInterfaceOrientationLandscapeRight";
				LD_RUNPATH_SEARCH_PATHS = (
					"$(inherited)",
					"@executable_path/Frameworks",
				);
				MARKETING_VERSION = 1.0;
				PRODUCT_BUNDLE_IDENTIFIER = "austin.com.--tutorial";
				PRODUCT_NAME = "$(TARGET_NAME)";
				SWIFT_EMIT_LOC_STRINGS = YES;
				SWIFT_VERSION = 5.0;
				TARGETED_DEVICE_FAMILY = "1,2";
			};
			name = Release;
		};
		9585E88D29C33EC10081BE3D /* Debug */ = {
			isa = XCBuildConfiguration;
			buildSettings = {
				ALWAYS_EMBED_SWIFT_STANDARD_LIBRARIES = YES;
				BUNDLE_LOADER = "$(TEST_HOST)";
				CODE_SIGN_STYLE = Automatic;
				CURRENT_PROJECT_VERSION = 1;
				GENERATE_INFOPLIST_FILE = YES;
				IPHONEOS_DEPLOYMENT_TARGET = 16.2;
				MARKETING_VERSION = 1.0;
				PRODUCT_BUNDLE_IDENTIFIER = "austin.com.--tutorialTests";
				PRODUCT_NAME = "$(TARGET_NAME)";
				SWIFT_EMIT_LOC_STRINGS = NO;
				SWIFT_VERSION = 5.0;
				TARGETED_DEVICE_FAMILY = "1,2";
				TEST_HOST = "$(BUILT_PRODUCTS_DIR)/2-tutorial.app/$(BUNDLE_EXECUTABLE_FOLDER_PATH)/2-tutorial";
			};
			name = Debug;
		};
		9585E88E29C33EC10081BE3D /* Release */ = {
			isa = XCBuildConfiguration;
			buildSettings = {
				ALWAYS_EMBED_SWIFT_STANDARD_LIBRARIES = YES;
				BUNDLE_LOADER = "$(TEST_HOST)";
				CODE_SIGN_STYLE = Automatic;
				CURRENT_PROJECT_VERSION = 1;
				GENERATE_INFOPLIST_FILE = YES;
				IPHONEOS_DEPLOYMENT_TARGET = 16.2;
				MARKETING_VERSION = 1.0;
				PRODUCT_BUNDLE_IDENTIFIER = "austin.com.--tutorialTests";
				PRODUCT_NAME = "$(TARGET_NAME)";
				SWIFT_EMIT_LOC_STRINGS = NO;
				SWIFT_VERSION = 5.0;
				TARGETED_DEVICE_FAMILY = "1,2";
				TEST_HOST = "$(BUILT_PRODUCTS_DIR)/2-tutorial.app/$(BUNDLE_EXECUTABLE_FOLDER_PATH)/2-tutorial";
			};
			name = Release;
		};
		9585E89029C33EC10081BE3D /* Debug */ = {
			isa = XCBuildConfiguration;
			buildSettings = {
				ALWAYS_EMBED_SWIFT_STANDARD_LIBRARIES = YES;
				CODE_SIGN_STYLE = Automatic;
				CURRENT_PROJECT_VERSION = 1;
				GENERATE_INFOPLIST_FILE = YES;
				MARKETING_VERSION = 1.0;
				PRODUCT_BUNDLE_IDENTIFIER = "austin.com.--tutorialUITests";
				PRODUCT_NAME = "$(TARGET_NAME)";
				SWIFT_EMIT_LOC_STRINGS = NO;
				SWIFT_VERSION = 5.0;
				TARGETED_DEVICE_FAMILY = "1,2";
				TEST_TARGET_NAME = "2-tutorial";
			};
			name = Debug;
		};
		9585E89129C33EC10081BE3D /* Release */ = {
			isa = XCBuildConfiguration;
			buildSettings = {
				ALWAYS_EMBED_SWIFT_STANDARD_LIBRARIES = YES;
				CODE_SIGN_STYLE = Automatic;
				CURRENT_PROJECT_VERSION = 1;
				GENERATE_INFOPLIST_FILE = YES;
				MARKETING_VERSION = 1.0;
				PRODUCT_BUNDLE_IDENTIFIER = "austin.com.--tutorialUITests";
				PRODUCT_NAME = "$(TARGET_NAME)";
				SWIFT_EMIT_LOC_STRINGS = NO;
				SWIFT_VERSION = 5.0;
				TARGETED_DEVICE_FAMILY = "1,2";
				TEST_TARGET_NAME = "2-tutorial";
			};
			name = Release;
		};
/* End XCBuildConfiguration section */

/* Begin XCConfigurationList section */
		9585E86029C33EC00081BE3D /* Build configuration list for PBXProject "2-tutorial" */ = {
			isa = XCConfigurationList;
			buildConfigurations = (
				9585E88729C33EC10081BE3D /* Debug */,
				9585E88829C33EC10081BE3D /* Release */,
			);
			defaultConfigurationIsVisible = 0;
			defaultConfigurationName = Release;
		};
		9585E88929C33EC10081BE3D /* Build configuration list for PBXNativeTarget "2-tutorial" */ = {
			isa = XCConfigurationList;
			buildConfigurations = (
				9585E88A29C33EC10081BE3D /* Debug */,
				9585E88B29C33EC10081BE3D /* Release */,
			);
			defaultConfigurationIsVisible = 0;
			defaultConfigurationName = Release;
		};
		9585E88C29C33EC10081BE3D /* Build configuration list for PBXNativeTarget "2-tutorialTests" */ = {
			isa = XCConfigurationList;
			buildConfigurations = (
				9585E88D29C33EC10081BE3D /* Debug */,
				9585E88E29C33EC10081BE3D /* Release */,
			);
			defaultConfigurationIsVisible = 0;
			defaultConfigurationName = Release;
		};
		9585E88F29C33EC10081BE3D /* Build configuration list for PBXNativeTarget "2-tutorialUITests" */ = {
			isa = XCConfigurationList;
			buildConfigurations = (
				9585E89029C33EC10081BE3D /* Debug */,
				9585E89129C33EC10081BE3D /* Release */,
			);
			defaultConfigurationIsVisible = 0;
			defaultConfigurationName = Release;
		};
/* End XCConfigurationList section */
	};
	rootObject = 9585E85D29C33EC00081BE3D /* Project object */;
}
